
Microsoft Visual Studio Solution File, Format Version 12.00
# Visual Studio Version 17
VisualStudioVersion = 17.0.31903.59
MinimumVisualStudioVersion = 10.0.40219.1
Project("{FAE04EC0-301F-11D3-BF4B-00C04F79EFBC}") = "Beatbot", "Beatbot\Beatbot.csproj", "{65457D79-9FFE-42EF-9BB2-7D90B49B4D4B}"
EndProject
Global
	GlobalSection(SolutionConfigurationPlatforms) = preSolution
		Debug|Any CPU = Debug|Any CPU
		Release|Any CPU = Release|Any CPU
	EndGlobalSection
	GlobalSection(ProjectConfigurationPlatforms) = postSolution
		{65457D79-9FFE-42EF-9BB2-7D90B49B4D4B}.Debug|Any CPU.ActiveCfg = Debug|Any CPU
		{65457D79-9FFE-42EF-9BB2-7D90B49B4D4B}.Debug|Any CPU.Build.0 = Debug|Any CPU
		{65457D79-9FFE-42EF-9BB2-7D90B49B4D4B}.Release|Any CPU.ActiveCfg = Release|Any CPU
		{65457D79-9FFE-42EF-9BB2-7D90B49B4D4B}.Release|Any CPU.Build.0 = Release|Any CPU
	EndGlobalSection
	GlobalSection(SolutionProperties) = preSolution
		HideSolutionNode = FALSE
	EndGlobalSection
	GlobalSection(ExtensibilityGlobals) = postSolution
		SolutionGuid = {A5627CA0-8914-4254-8830-2DE8C6FF08C5}
	EndGlobalSection
EndGlobal
